github.com/google/go-cmp v0.2.0 h1:+dTQ8DZQJz0Mb/HjFlkptS1FeQ4cWSnN941F8aEG4SQ=
github.com/google/go-cmp v0.2.0/go.mod h1:oXzfMopK8JAjlY9xF4vHSVASa0yLyX7SntLO5aqRK0M=
github.com/kvz/logstreamer v0.0.0-20150507115422-a635b98146f0 h1:3tLzEnUizyN9YLWFTT9loC30lSBvh2y70LTDcZOTs1s=
github.com/kvz/logstreamer v0.0.0-20150507115422-a635b98146f0/go.mod h1:8/LTPeDLaklcUjgSQBHbhBF1ibKAFxzS5o+H7USfMSA=
